
Microsoft Visual Studio Solution File, Format Version 12.00
# Visual Studio Version 16
VisualStudioVersion = 16.0.29318.209
MinimumVisualStudioVersion = 10.0.40219.1
Project("{FAE04EC0-301F-11D3-BF4B-00C04F79EFBC}") = "Pensjonat.Data", "Pensjonat.Data\Pensjonat.Data.csproj", "{5420E21F-6624-4EA5-9732-BA4882A48500}"
EndProject
Project("{FAE04EC0-301F-11D3-BF4B-00C04F79EFBC}") = "Pensjonat.Data.Test", "Pensjonat.Data.Test\Pensjonat.Data.Test.csproj", "{3C9C9B9F-F03A-47BC-A294-86147F96F30C}"
EndProject
Project("{FAE04EC0-301F-11D3-BF4B-00C04F79EFBC}") = "Pensjonat.Front", "Pensjonat.Front\Pensjonat.Front.csproj", "{3E3801CF-77D7-41DD-A138-4E1572460BAE}"
EndProject
Global
	GlobalSection(SolutionConfigurationPlatforms) = preSolution
		Debug|Any CPU = Debug|Any CPU
		Release|Any CPU = Release|Any CPU
	EndGlobalSection
	GlobalSection(ProjectConfigurationPlatforms) = postSolution
		{5420E21F-6624-4EA5-9732-BA4882A48500}.Debug|Any CPU.ActiveCfg = Debug|Any CPU
		{5420E21F-6624-4EA5-9732-BA4882A48500}.Debug|Any CPU.Build.0 = Debug|Any CPU
		{5420E21F-6624-4EA5-9732-BA4882A48500}.Release|Any CPU.ActiveCfg = Release|Any CPU
		{5420E21F-6624-4EA5-9732-BA4882A48500}.Release|Any CPU.Build.0 = Release|Any CPU
		{3C9C9B9F-F03A-47BC-A294-86147F96F30C}.Debug|Any CPU.ActiveCfg = Debug|Any CPU
		{3C9C9B9F-F03A-47BC-A294-86147F96F30C}.Debug|Any CPU.Build.0 = Debug|Any CPU
		{3C9C9B9F-F03A-47BC-A294-86147F96F30C}.Release|Any CPU.ActiveCfg = Release|Any CPU
		{3C9C9B9F-F03A-47BC-A294-86147F96F30C}.Release|Any CPU.Build.0 = Release|Any CPU
		{3E3801CF-77D7-41DD-A138-4E1572460BAE}.Debug|Any CPU.ActiveCfg = Debug|Any CPU
		{3E3801CF-77D7-41DD-A138-4E1572460BAE}.Debug|Any CPU.Build.0 = Debug|Any CPU
		{3E3801CF-77D7-41DD-A138-4E1572460BAE}.Release|Any CPU.ActiveCfg = Release|Any CPU
		{3E3801CF-77D7-41DD-A138-4E1572460BAE}.Release|Any CPU.Build.0 = Release|Any CPU
	EndGlobalSection
	GlobalSection(SolutionProperties) = preSolution
		HideSolutionNode = FALSE
	EndGlobalSection
	GlobalSection(ExtensibilityGlobals) = postSolution
		SolutionGuid = {9AE272AB-AEA2-4711-8F8B-E31C712E343A}
	EndGlobalSection
EndGlobal
